{
  "name": "trip-manager-project",
  "lockfileVersion": 2,
  "requires": true,
  "packages": {
    "": {
      "name": "trip-manager-project",
      "dependencies": {
        "leaflet": "^1.8.0",
        "react": "^17.0.2",
        "react-dom": "^17.0.2",
        "react-leaflet": "^3.2.5",
        "react-router": "^6.3.0",
        "react-router-dom": "^6.3.0"
      },
      "devDependencies": {
        "@types/leaflet": "^1.7.11"
      },
      "engines": {
        "node": ">= 14"
      }
    },
    "node_modules/@babel/runtime": {
      "version": "7.18.6",
      "resolved": "https://registry.npmjs.org/@babel/runtime/-/runtime-7.18.6.tgz",
      "integrity": "sha512-t9wi7/AW6XtKahAe20Yw0/mMljKq0B1r2fPdvaAdV/KPDZewFXdaaa6K7lxmZBZ8FBNpCiAT6iHPmd6QO9bKfQ==",
      "dependencies": {
        "regenerator-runtime": "^0.13.4"
      },
      "engines": {
        "node": ">=6.9.0"
      }
    },
    "node_modules/@react-leaflet/core": {
      "version": "1.1.1",
      "resolved": "https://registry.npmjs.org/@react-leaflet/core/-/core-1.1.1.tgz",
      "integrity": "sha512-7PGLWa9MZ5x/cWy8EH2VzI4T8q5WpuHbixzCDXqixP/WyqwIrg5NDUPgYuFnB4IEIZF+6nA265mYzswFo/h1Pw==",
      "peerDependencies": {
        "leaflet": "^1.7.1",
        "react": "^17.0.1",
        "react-dom": "^17.0.1"
      }
    },
    "node_modules/@types/geojson": {
      "version": "7946.0.8",
      "resolved": "https://registry.npmjs.org/@types/geojson/-/geojson-7946.0.8.tgz",
      "integrity": "sha512-1rkryxURpr6aWP7R786/UQOkJ3PcpQiWkAXBmdWc7ryFWqN6a4xfK7BtjXvFBKO9LjQ+MWQSWxYeZX1OApnArA==",
      "dev": true
    },
    "node_modules/@types/leaflet": {
      "version": "1.7.11",
      "resolved": "https://registry.npmjs.org/@types/leaflet/-/leaflet-1.7.11.tgz",
      "integrity": "sha512-VwAYom2pfIAf/pLj1VR5aLltd4tOtHyvfaJlNYCoejzP2nu52PrMi1ehsLRMUS+bgafmIIKBV1cMfKeS+uJ0Vg==",
      "dev": true,
      "dependencies": {
        "@types/geojson": "*"
      }
    },
    "node_modules/history": {
      "version": "5.3.0",
      "resolved": "https://registry.npmjs.org/history/-/history-5.3.0.tgz",
      "integrity": "sha512-ZqaKwjjrAYUYfLG+htGaIIZ4nioX2L70ZUMIFysS3xvBsSG4x/n1V6TXV3N8ZYNuFGlDirFg32T7B6WOUPDYcQ==",
      "dependencies": {
        "@babel/runtime": "^7.7.6"
      }
    },
    "node_modules/js-tokens": {
      "version": "4.0.0",
      "resolved": "https://registry.npmjs.org/js-tokens/-/js-tokens-4.0.0.tgz",
      "integrity": "sha512-RdJUflcE3cUzKiMqQgsCu06FPu9UdIJO0beYbPhHN4k6apgJtifcoCtT9bcxOpYBtpD2kCM6Sbzg4CausW/PKQ=="
    },
    "node_modules/leaflet": {
      "version": "1.8.0",
      "resolved": "https://registry.npmjs.org/leaflet/-/leaflet-1.8.0.tgz",
      "integrity": "sha512-gwhMjFCQiYs3x/Sf+d49f10ERXaEFCPr+nVTryhAW8DWbMGqJqt9G4XuIaHmFW08zYvhgdzqXGr8AlW8v8dQkA=="
    },
    "node_modules/loose-envify": {
      "version": "1.4.0",
      "resolved": "https://registry.npmjs.org/loose-envify/-/loose-envify-1.4.0.tgz",
      "integrity": "sha512-lyuxPGr/Wfhrlem2CL/UcnUc1zcqKAImBDzukY7Y5F/yQiNdko6+fRLevlw1HgMySw7f611UIY408EtxRSoK3Q==",
      "dependencies": {
        "js-tokens": "^3.0.0 || ^4.0.0"
      },
      "bin": {
        "loose-envify": "cli.js"
      }
    },
    "node_modules/object-assign": {
      "version": "4.1.1",
      "resolved": "https://registry.npmjs.org/object-assign/-/object-assign-4.1.1.tgz",
      "integrity": "sha512-rJgTQnkUnH1sFw8yT6VSU3zD3sWmu6sZhIseY8VX+GRu3P6F7Fu+JNDoXfklElbLJSnc3FUQHVe4cU5hj+BcUg==",
      "engines": {
        "node": ">=0.10.0"
      }
    },
    "node_modules/react": {
      "version": "17.0.2",
      "resolved": "https://registry.npmjs.org/react/-/react-17.0.2.tgz",
      "integrity": "sha512-gnhPt75i/dq/z3/6q/0asP78D0u592D5L1pd7M8P+dck6Fu/jJeL6iVVK23fptSUZj8Vjf++7wXA8UNclGQcbA==",
      "dependencies": {
        "loose-envify": "^1.1.0",
        "object-assign": "^4.1.1"
      },
      "engines": {
        "node": ">=0.10.0"
      }
    },
    "node_modules/react-dom": {
      "version": "17.0.2",
      "resolved": "https://registry.npmjs.org/react-dom/-/react-dom-17.0.2.tgz",
      "integrity": "sha512-s4h96KtLDUQlsENhMn1ar8t2bEa+q/YAtj8pPPdIjPDGBDIVNsrD9aXNWqspUe6AzKCIG0C1HZZLqLV7qpOBGA==",
      "dependencies": {
        "loose-envify": "^1.1.0",
        "object-assign": "^4.1.1",
        "scheduler": "^0.20.2"
      },
      "peerDependencies": {
        "react": "17.0.2"
      }
    },
    "node_modules/react-leaflet": {
      "version": "3.2.5",
      "resolved": "https://registry.npmjs.org/react-leaflet/-/react-leaflet-3.2.5.tgz",
      "integrity": "sha512-Z3KZ+4SijsRbbrt2I1a3ZDY6+V6Pm91eYTdxTN18G6IOkFRsJo1BuSPLFnyFrlF3WDjQFPEcTPkEgD1VEeAoBg==",
      "dependencies": {
        "@react-leaflet/core": "^1.1.1"
      },
      "peerDependencies": {
        "leaflet": "^1.7.1",
        "react": "^17.0.1",
        "react-dom": "^17.0.1"
      }
    },
    "node_modules/react-router": {
      "version": "6.3.0",
      "resolved": "https://registry.npmjs.org/react-router/-/react-router-6.3.0.tgz",
      "integrity": "sha512-7Wh1DzVQ+tlFjkeo+ujvjSqSJmkt1+8JO+T5xklPlgrh70y7ogx75ODRW0ThWhY7S+6yEDks8TYrtQe/aoboBQ==",
      "dependencies": {
        "history": "^5.2.0"
      },
      "peerDependencies": {
        "react": ">=16.8"
      }
    },
    "node_modules/react-router-dom": {
      "version": "6.3.0",
      "resolved": "https://registry.npmjs.org/react-router-dom/-/react-router-dom-6.3.0.tgz",
      "integrity": "sha512-uaJj7LKytRxZNQV8+RbzJWnJ8K2nPsOOEuX7aQstlMZKQT0164C+X2w6bnkqU3sjtLvpd5ojrezAyfZ1+0sStw==",
      "dependencies": {
        "history": "^5.2.0",
        "react-router": "6.3.0"
      },
      "peerDependencies": {
        "react": ">=16.8",
        "react-dom": ">=16.8"
      }
    },
    "node_modules/regenerator-runtime": {
      "version": "0.13.9",
      "resolved": "https://registry.npmjs.org/regenerator-runtime/-/regenerator-runtime-0.13.9.tgz",
      "integrity": "sha512-p3VT+cOEgxFsRRA9X4lkI1E+k2/CtnKtU4gcxyaCUreilL/vqI6CdZ3wxVUx3UOUg+gnUOQQcRI7BmSI656MYA=="
    },
    "node_modules/scheduler": {
      "version": "0.20.2",
      "resolved": "https://registry.npmjs.org/scheduler/-/scheduler-0.20.2.tgz",
      "integrity": "sha512-2eWfGgAqqWFGqtdMmcL5zCMK1U8KlXv8SQFGglL3CEtd0aDVDWgeF/YoCmvln55m5zSk3J/20hTaSBeSObsQDQ==",
      "dependencies": {
        "loose-envify": "^1.1.0",
        "object-assign": "^4.1.1"
      }
    }
  },
  "dependencies": {
    "@babel/runtime": {
      "version": "7.18.6",
      "resolved": "https://registry.npmjs.org/@babel/runtime/-/runtime-7.18.6.tgz",
      "integrity": "sha512-t9wi7/AW6XtKahAe20Yw0/mMljKq0B1r2fPdvaAdV/KPDZewFXdaaa6K7lxmZBZ8FBNpCiAT6iHPmd6QO9bKfQ==",
      "requires": {
        "regenerator-runtime": "^0.13.4"
      }
    },
    "@react-leaflet/core": {
      "version": "1.1.1",
      "resolved": "https://registry.npmjs.org/@react-leaflet/core/-/core-1.1.1.tgz",
      "integrity": "sha512-7PGLWa9MZ5x/cWy8EH2VzI4T8q5WpuHbixzCDXqixP/WyqwIrg5NDUPgYuFnB4IEIZF+6nA265mYzswFo/h1Pw==",
      "requires": {}
    },
    "@types/geojson": {
      "version": "7946.0.8",
      "resolved": "https://registry.npmjs.org/@types/geojson/-/geojson-7946.0.8.tgz",
      "integrity": "sha512-1rkryxURpr6aWP7R786/UQOkJ3PcpQiWkAXBmdWc7ryFWqN6a4xfK7BtjXvFBKO9LjQ+MWQSWxYeZX1OApnArA==",
      "dev": true
    },
    "@types/leaflet": {
      "version": "1.7.11",
      "resolved": "https://registry.npmjs.org/@types/leaflet/-/leaflet-1.7.11.tgz",
      "integrity": "sha512-VwAYom2pfIAf/pLj1VR5aLltd4tOtHyvfaJlNYCoejzP2nu52PrMi1ehsLRMUS+bgafmIIKBV1cMfKeS+uJ0Vg==",
      "dev": true,
      "requires": {
        "@types/geojson": "*"
      }
    },
    "history": {
      "version": "5.3.0",
      "resolved": "https://registry.npmjs.org/history/-/history-5.3.0.tgz",
      "integrity": "sha512-ZqaKwjjrAYUYfLG+htGaIIZ4nioX2L70ZUMIFysS3xvBsSG4x/n1V6TXV3N8ZYNuFGlDirFg32T7B6WOUPDYcQ==",
      "requires": {
        "@babel/runtime": "^7.7.6"
      }
    },
    "js-tokens": {
      "version": "4.0.0",
      "resolved": "https://registry.npmjs.org/js-tokens/-/js-tokens-4.0.0.tgz",
      "integrity": "sha512-RdJUflcE3cUzKiMqQgsCu06FPu9UdIJO0beYbPhHN4k6apgJtifcoCtT9bcxOpYBtpD2kCM6Sbzg4CausW/PKQ=="
    },
    "leaflet": {
      "version": "1.8.0",
      "resolved": "https://registry.npmjs.org/leaflet/-/leaflet-1.8.0.tgz",
      "integrity": "sha512-gwhMjFCQiYs3x/Sf+d49f10ERXaEFCPr+nVTryhAW8DWbMGqJqt9G4XuIaHmFW08zYvhgdzqXGr8AlW8v8dQkA=="
    },
    "loose-envify": {
      "version": "1.4.0",
      "resolved": "https://registry.npmjs.org/loose-envify/-/loose-envify-1.4.0.tgz",
      "integrity": "sha512-lyuxPGr/Wfhrlem2CL/UcnUc1zcqKAImBDzukY7Y5F/yQiNdko6+fRLevlw1HgMySw7f611UIY408EtxRSoK3Q==",
      "requires": {
        "js-tokens": "^3.0.0 || ^4.0.0"
      }
    },
    "object-assign": {
      "version": "4.1.1",
      "resolved": "https://registry.npmjs.org/object-assign/-/object-assign-4.1.1.tgz",
      "integrity": "sha512-rJgTQnkUnH1sFw8yT6VSU3zD3sWmu6sZhIseY8VX+GRu3P6F7Fu+JNDoXfklElbLJSnc3FUQHVe4cU5hj+BcUg=="
    },
    "react": {
      "version": "17.0.2",
      "resolved": "https://registry.npmjs.org/react/-/react-17.0.2.tgz",
      "integrity": "sha512-gnhPt75i/dq/z3/6q/0asP78D0u592D5L1pd7M8P+dck6Fu/jJeL6iVVK23fptSUZj8Vjf++7wXA8UNclGQcbA==",
      "requires": {
        "loose-envify": "^1.1.0",
        "object-assign": "^4.1.1"
      }
    },
    "react-dom": {
      "version": "17.0.2",
      "resolved": "https://registry.npmjs.org/react-dom/-/react-dom-17.0.2.tgz",
      "integrity": "sha512-s4h96KtLDUQlsENhMn1ar8t2bEa+q/YAtj8pPPdIjPDGBDIVNsrD9aXNWqspUe6AzKCIG0C1HZZLqLV7qpOBGA==",
      "requires": {
        "loose-envify": "^1.1.0",
        "object-assign": "^4.1.1",
        "scheduler": "^0.20.2"
      }
    },
    "react-leaflet": {
      "version": "3.2.5",
      "resolved": "https://registry.npmjs.org/react-leaflet/-/react-leaflet-3.2.5.tgz",
      "integrity": "sha512-Z3KZ+4SijsRbbrt2I1a3ZDY6+V6Pm91eYTdxTN18G6IOkFRsJo1BuSPLFnyFrlF3WDjQFPEcTPkEgD1VEeAoBg==",
      "requires": {
        "@react-leaflet/core": "^1.1.1"
      }
    },
    "react-router": {
      "version": "6.3.0",
      "resolved": "https://registry.npmjs.org/react-router/-/react-router-6.3.0.tgz",
      "integrity": "sha512-7Wh1DzVQ+tlFjkeo+ujvjSqSJmkt1+8JO+T5xklPlgrh70y7ogx75ODRW0ThWhY7S+6yEDks8TYrtQe/aoboBQ==",
      "requires": {
        "history": "^5.2.0"
      }
    },
    "react-router-dom": {
      "version": "6.3.0",
      "resolved": "https://registry.npmjs.org/react-router-dom/-/react-router-dom-6.3.0.tgz",
      "integrity": "sha512-uaJj7LKytRxZNQV8+RbzJWnJ8K2nPsOOEuX7aQstlMZKQT0164C+X2w6bnkqU3sjtLvpd5ojrezAyfZ1+0sStw==",
      "requires": {
        "history": "^5.2.0",
        "react-router": "6.3.0"
      }
    },
    "regenerator-runtime": {
      "version": "0.13.9",
      "resolved": "https://registry.npmjs.org/regenerator-runtime/-/regenerator-runtime-0.13.9.tgz",
      "integrity": "sha512-p3VT+cOEgxFsRRA9X4lkI1E+k2/CtnKtU4gcxyaCUreilL/vqI6CdZ3wxVUx3UOUg+gnUOQQcRI7BmSI656MYA=="
    },
    "scheduler": {
      "version": "0.20.2",
      "resolved": "https://registry.npmjs.org/scheduler/-/scheduler-0.20.2.tgz",
      "integrity": "sha512-2eWfGgAqqWFGqtdMmcL5zCMK1U8KlXv8SQFGglL3CEtd0aDVDWgeF/YoCmvln55m5zSk3J/20hTaSBeSObsQDQ==",
      "requires": {
        "loose-envify": "^1.1.0",
        "object-assign": "^4.1.1"
      }
    }
  }
}
